
Microsoft Visual Studio Solution File, Format Version 12.00
# Visual Studio Version 16
VisualStudioVersion = 16.0.30804.86
MinimumVisualStudioVersion = 10.0.40219.1
Project("{FAE04EC0-301F-11D3-BF4B-00C04F79EFBC}") = "PlanetaPACS", "PlanetaPACS\PlanetaPACS.csproj", "{51030B80-A9DF-407A-9507-1958E850B9EF}"
EndProject
Project("{FAE04EC0-301F-11D3-BF4B-00C04F79EFBC}") = "PACS_Dades", "PACS_Dades\PACS_Dades.csproj", "{7A49CC18-7A3B-4446-9188-00FF8745C840}"
EndProject
Global
	GlobalSection(SolutionConfigurationPlatforms) = preSolution
		Debug|Any CPU = Debug|Any CPU
		Release|Any CPU = Release|Any CPU
	EndGlobalSection
	GlobalSection(ProjectConfigurationPlatforms) = postSolution
		{51030B80-A9DF-407A-9507-1958E850B9EF}.Debug|Any CPU.ActiveCfg = Debug|Any CPU
		{51030B80-A9DF-407A-9507-1958E850B9EF}.Debug|Any CPU.Build.0 = Debug|Any CPU
		{51030B80-A9DF-407A-9507-1958E850B9EF}.Release|Any CPU.ActiveCfg = Release|Any CPU
		{51030B80-A9DF-407A-9507-1958E850B9EF}.Release|Any CPU.Build.0 = Release|Any CPU
		{7A49CC18-7A3B-4446-9188-00FF8745C840}.Debug|Any CPU.ActiveCfg = Debug|Any CPU
		{7A49CC18-7A3B-4446-9188-00FF8745C840}.Debug|Any CPU.Build.0 = Debug|Any CPU
		{7A49CC18-7A3B-4446-9188-00FF8745C840}.Release|Any CPU.ActiveCfg = Release|Any CPU
		{7A49CC18-7A3B-4446-9188-00FF8745C840}.Release|Any CPU.Build.0 = Release|Any CPU
	EndGlobalSection
	GlobalSection(SolutionProperties) = preSolution
		HideSolutionNode = FALSE
	EndGlobalSection
	GlobalSection(ExtensibilityGlobals) = postSolution
		SolutionGuid = {39122A1C-08B2-4BE3-A229-EA5147021798}
	EndGlobalSection
EndGlobal
